
Microsoft Visual Studio Solution File, Format Version 12.00
# Visual Studio Version 16
VisualStudioVersion = 16.0.33529.622
MinimumVisualStudioVersion = 10.0.40219.1
Project("{FAE04EC0-301F-11D3-BF4B-00C04F79EFBC}") = "WebApplication1", "WebApplication1.csproj", "{DFBDC370-2333-40A3-99C5-347393B1EEA9}"
EndProject
Global
	GlobalSection(SolutionConfigurationPlatforms) = preSolution
		Debug|Any CPU = Debug|Any CPU
		Release|Any CPU = Release|Any CPU
	EndGlobalSection
	GlobalSection(ProjectConfigurationPlatforms) = postSolution
		{DFBDC370-2333-40A3-99C5-347393B1EEA9}.Debug|Any CPU.ActiveCfg = Debug|Any CPU
		{DFBDC370-2333-40A3-99C5-347393B1EEA9}.Debug|Any CPU.Build.0 = Debug|Any CPU
		{DFBDC370-2333-40A3-99C5-347393B1EEA9}.Release|Any CPU.ActiveCfg = Release|Any CPU
		{DFBDC370-2333-40A3-99C5-347393B1EEA9}.Release|Any CPU.Build.0 = Release|Any CPU
	EndGlobalSection
	GlobalSection(SolutionProperties) = preSolution
		HideSolutionNode = FALSE
	EndGlobalSection
	GlobalSection(ExtensibilityGlobals) = postSolution
		SolutionGuid = {59D78DAA-FE30-47DA-8FF0-719890E835CE}
	EndGlobalSection
EndGlobal
