
Microsoft Visual Studio Solution File, Format Version 12.00
# Visual Studio Version 17
VisualStudioVersion = 17.7.34031.279
MinimumVisualStudioVersion = 10.0.40219.1
Project("{FAE04EC0-301F-11D3-BF4B-00C04F79EFBC}") = "ConsoleApp1", "ConsoleApp1.csproj", "{EAB031B2-2ED4-4ED6-BA68-88A9CA5232C8}"
EndProject
Project("{FAE04EC0-301F-11D3-BF4B-00C04F79EFBC}") = "ConsoleApp2", "..\ConsoleApp2\ConsoleApp2.csproj", "{B6741043-3B81-4376-A321-989E75598003}"
EndProject
Project("{9A19103F-16F7-4668-BE54-9A1E7A4F7556}") = "ConsoleApp3", "..\ConsoleApp3\ConsoleApp3.csproj", "{AD98A65C-6ED4-41A3-8D4C-9E3B86B94973}"
EndProject
Project("{9A19103F-16F7-4668-BE54-9A1E7A4F7556}") = "ConsoleApp4", "..\ConsoleApp4\ConsoleApp4.csproj", "{91E20B2E-4966-4E86-8718-F9582C2AB331}"
EndProject
Project("{FAE04EC0-301F-11D3-BF4B-00C04F79EFBC}") = "ConsoleApp5", "..\ConsoleApp5\ConsoleApp5.csproj", "{78C5E392-3F42-4545-A397-45194AC8A7B6}"
EndProject
Global
	GlobalSection(SolutionConfigurationPlatforms) = preSolution
		Debug|Any CPU = Debug|Any CPU
		Release|Any CPU = Release|Any CPU
	EndGlobalSection
	GlobalSection(ProjectConfigurationPlatforms) = postSolution
		{EAB031B2-2ED4-4ED6-BA68-88A9CA5232C8}.Debug|Any CPU.ActiveCfg = Debug|Any CPU
		{EAB031B2-2ED4-4ED6-BA68-88A9CA5232C8}.Debug|Any CPU.Build.0 = Debug|Any CPU
		{EAB031B2-2ED4-4ED6-BA68-88A9CA5232C8}.Release|Any CPU.ActiveCfg = Release|Any CPU
		{EAB031B2-2ED4-4ED6-BA68-88A9CA5232C8}.Release|Any CPU.Build.0 = Release|Any CPU
		{B6741043-3B81-4376-A321-989E75598003}.Debug|Any CPU.ActiveCfg = Debug|Any CPU
		{B6741043-3B81-4376-A321-989E75598003}.Debug|Any CPU.Build.0 = Debug|Any CPU
		{B6741043-3B81-4376-A321-989E75598003}.Release|Any CPU.ActiveCfg = Release|Any CPU
		{B6741043-3B81-4376-A321-989E75598003}.Release|Any CPU.Build.0 = Release|Any CPU
		{AD98A65C-6ED4-41A3-8D4C-9E3B86B94973}.Debug|Any CPU.ActiveCfg = Debug|Any CPU
		{AD98A65C-6ED4-41A3-8D4C-9E3B86B94973}.Debug|Any CPU.Build.0 = Debug|Any CPU
		{AD98A65C-6ED4-41A3-8D4C-9E3B86B94973}.Release|Any CPU.ActiveCfg = Release|Any CPU
		{AD98A65C-6ED4-41A3-8D4C-9E3B86B94973}.Release|Any CPU.Build.0 = Release|Any CPU
		{91E20B2E-4966-4E86-8718-F9582C2AB331}.Debug|Any CPU.ActiveCfg = Debug|Any CPU
		{91E20B2E-4966-4E86-8718-F9582C2AB331}.Debug|Any CPU.Build.0 = Debug|Any CPU
		{91E20B2E-4966-4E86-8718-F9582C2AB331}.Release|Any CPU.ActiveCfg = Release|Any CPU
		{91E20B2E-4966-4E86-8718-F9582C2AB331}.Release|Any CPU.Build.0 = Release|Any CPU
		{78C5E392-3F42-4545-A397-45194AC8A7B6}.Debug|Any CPU.ActiveCfg = Debug|Any CPU
		{78C5E392-3F42-4545-A397-45194AC8A7B6}.Debug|Any CPU.Build.0 = Debug|Any CPU
		{78C5E392-3F42-4545-A397-45194AC8A7B6}.Release|Any CPU.ActiveCfg = Release|Any CPU
		{78C5E392-3F42-4545-A397-45194AC8A7B6}.Release|Any CPU.Build.0 = Release|Any CPU
	EndGlobalSection
	GlobalSection(SolutionProperties) = preSolution
		HideSolutionNode = FALSE
	EndGlobalSection
	GlobalSection(ExtensibilityGlobals) = postSolution
		SolutionGuid = {4FC26FFC-73EC-40B5-8777-DB4B99EFD591}
	EndGlobalSection
EndGlobal
